
Microsoft Visual Studio Solution File, Format Version 12.00
# Visual Studio Version 17
VisualStudioVersion = 17.14.36717.8 d17.14
MinimumVisualStudioVersion = 10.0.40219.1
Project("{FAE04EC0-301F-11D3-BF4B-00C04F79EFBC}") = "Instrumentarria", "Instrumentarria.csproj", "{BD298075-3618-914B-3603-86FC06BEDC6D}"
EndProject
Global
	GlobalSection(SolutionConfigurationPlatforms) = preSolution
		Debug|Any CPU = Debug|Any CPU
		Release|Any CPU = Release|Any CPU
	EndGlobalSection
	GlobalSection(ProjectConfigurationPlatforms) = postSolution
		{BD298075-3618-914B-3603-86FC06BEDC6D}.Debug|Any CPU.ActiveCfg = Debug|Any CPU
		{BD298075-3618-914B-3603-86FC06BEDC6D}.Debug|Any CPU.Build.0 = Debug|Any CPU
		{BD298075-3618-914B-3603-86FC06BEDC6D}.Release|Any CPU.ActiveCfg = Release|Any CPU
		{BD298075-3618-914B-3603-86FC06BEDC6D}.Release|Any CPU.Build.0 = Release|Any CPU
	EndGlobalSection
	GlobalSection(SolutionProperties) = preSolution
		HideSolutionNode = FALSE
	EndGlobalSection
	GlobalSection(ExtensibilityGlobals) = postSolution
		SolutionGuid = {C0522058-D99D-4D87-8E65-1496D0DCD376}
	EndGlobalSection
EndGlobal
